
Microsoft Visual Studio Solution File, Format Version 12.00
# Visual Studio Version 17
VisualStudioVersion = 17.14.36203.30
MinimumVisualStudioVersion = 10.0.40219.1
Project("{8BC9CEB8-8B4A-11D0-8D11-00A0C91BC942}") = "AIDA64", "AIDA64\AIDA64.vcxproj", "{04E79F7D-C2D5-4655-BDA3-2A2175D0EDC0}"
EndProject
Project("{FAE04EC0-301F-11D3-BF4B-00C04F79EFBC}") = "AIDA64.Server", "AIDA64.Server\AIDA64.Server.csproj", "{4BDE17C7-CF2F-4BB0-9EF4-A96DFBF53886}"
EndProject
Project("{FAE04EC0-301F-11D3-BF4B-00C04F79EFBC}") = "AIDA64.Server.BLL", "AIDA64.Server.BLL\AIDA64.Server.BLL.csproj", "{016A1BEC-BF9B-4EB9-8080-20899974AECB}"
EndProject
Global
	GlobalSection(SolutionConfigurationPlatforms) = preSolution
		Debug|Any CPU = Debug|Any CPU
		Debug|ARM64 = Debug|ARM64
		Debug|x64 = Debug|x64
		Debug|x86 = Debug|x86
		Release|Any CPU = Release|Any CPU
		Release|ARM64 = Release|ARM64
		Release|x64 = Release|x64
		Release|x86 = Release|x86
	EndGlobalSection
	GlobalSection(ProjectConfigurationPlatforms) = postSolution
		{04E79F7D-C2D5-4655-BDA3-2A2175D0EDC0}.Debug|Any CPU.ActiveCfg = Debug|x64
		{04E79F7D-C2D5-4655-BDA3-2A2175D0EDC0}.Debug|Any CPU.Build.0 = Debug|x64
		{04E79F7D-C2D5-4655-BDA3-2A2175D0EDC0}.Debug|Any CPU.Deploy.0 = Debug|x64
		{04E79F7D-C2D5-4655-BDA3-2A2175D0EDC0}.Debug|ARM64.ActiveCfg = Debug|ARM64
		{04E79F7D-C2D5-4655-BDA3-2A2175D0EDC0}.Debug|ARM64.Build.0 = Debug|ARM64
		{04E79F7D-C2D5-4655-BDA3-2A2175D0EDC0}.Debug|ARM64.Deploy.0 = Debug|ARM64
		{04E79F7D-C2D5-4655-BDA3-2A2175D0EDC0}.Debug|x64.ActiveCfg = Debug|x64
		{04E79F7D-C2D5-4655-BDA3-2A2175D0EDC0}.Debug|x64.Build.0 = Debug|x64
		{04E79F7D-C2D5-4655-BDA3-2A2175D0EDC0}.Debug|x64.Deploy.0 = Debug|x64
		{04E79F7D-C2D5-4655-BDA3-2A2175D0EDC0}.Debug|x86.ActiveCfg = Debug|Win32
		{04E79F7D-C2D5-4655-BDA3-2A2175D0EDC0}.Debug|x86.Build.0 = Debug|Win32
		{04E79F7D-C2D5-4655-BDA3-2A2175D0EDC0}.Debug|x86.Deploy.0 = Debug|Win32
		{04E79F7D-C2D5-4655-BDA3-2A2175D0EDC0}.Release|Any CPU.ActiveCfg = Release|x64
		{04E79F7D-C2D5-4655-BDA3-2A2175D0EDC0}.Release|Any CPU.Build.0 = Release|x64
		{04E79F7D-C2D5-4655-BDA3-2A2175D0EDC0}.Release|Any CPU.Deploy.0 = Release|x64
		{04E79F7D-C2D5-4655-BDA3-2A2175D0EDC0}.Release|ARM64.ActiveCfg = Release|ARM64
		{04E79F7D-C2D5-4655-BDA3-2A2175D0EDC0}.Release|ARM64.Build.0 = Release|ARM64
		{04E79F7D-C2D5-4655-BDA3-2A2175D0EDC0}.Release|ARM64.Deploy.0 = Release|ARM64
		{04E79F7D-C2D5-4655-BDA3-2A2175D0EDC0}.Release|x64.ActiveCfg = Release|x64
		{04E79F7D-C2D5-4655-BDA3-2A2175D0EDC0}.Release|x64.Build.0 = Release|x64
		{04E79F7D-C2D5-4655-BDA3-2A2175D0EDC0}.Release|x64.Deploy.0 = Release|x64
		{04E79F7D-C2D5-4655-BDA3-2A2175D0EDC0}.Release|x86.ActiveCfg = Release|Win32
		{04E79F7D-C2D5-4655-BDA3-2A2175D0EDC0}.Release|x86.Build.0 = Release|Win32
		{04E79F7D-C2D5-4655-BDA3-2A2175D0EDC0}.Release|x86.Deploy.0 = Release|Win32
		{4BDE17C7-CF2F-4BB0-9EF4-A96DFBF53886}.Debug|Any CPU.ActiveCfg = Debug|Any CPU
		{4BDE17C7-CF2F-4BB0-9EF4-A96DFBF53886}.Debug|Any CPU.Build.0 = Debug|Any CPU
		{4BDE17C7-CF2F-4BB0-9EF4-A96DFBF53886}.Debug|ARM64.ActiveCfg = Debug|Any CPU
		{4BDE17C7-CF2F-4BB0-9EF4-A96DFBF53886}.Debug|ARM64.Build.0 = Debug|Any CPU
		{4BDE17C7-CF2F-4BB0-9EF4-A96DFBF53886}.Debug|x64.ActiveCfg = Debug|Any CPU
		{4BDE17C7-CF2F-4BB0-9EF4-A96DFBF53886}.Debug|x64.Build.0 = Debug|Any CPU
		{4BDE17C7-CF2F-4BB0-9EF4-A96DFBF53886}.Debug|x86.ActiveCfg = Debug|Any CPU
		{4BDE17C7-CF2F-4BB0-9EF4-A96DFBF53886}.Debug|x86.Build.0 = Debug|Any CPU
		{4BDE17C7-CF2F-4BB0-9EF4-A96DFBF53886}.Release|Any CPU.ActiveCfg = Release|Any CPU
		{4BDE17C7-CF2F-4BB0-9EF4-A96DFBF53886}.Release|Any CPU.Build.0 = Release|Any CPU
		{4BDE17C7-CF2F-4BB0-9EF4-A96DFBF53886}.Release|ARM64.ActiveCfg = Release|Any CPU
		{4BDE17C7-CF2F-4BB0-9EF4-A96DFBF53886}.Release|ARM64.Build.0 = Release|Any CPU
		{4BDE17C7-CF2F-4BB0-9EF4-A96DFBF53886}.Release|x64.ActiveCfg = Release|Any CPU
		{4BDE17C7-CF2F-4BB0-9EF4-A96DFBF53886}.Release|x64.Build.0 = Release|Any CPU
		{4BDE17C7-CF2F-4BB0-9EF4-A96DFBF53886}.Release|x86.ActiveCfg = Release|Any CPU
		{4BDE17C7-CF2F-4BB0-9EF4-A96DFBF53886}.Release|x86.Build.0 = Release|Any CPU
		{016A1BEC-BF9B-4EB9-8080-20899974AECB}.Debug|Any CPU.ActiveCfg = Debug|Any CPU
		{016A1BEC-BF9B-4EB9-8080-20899974AECB}.Debug|Any CPU.Build.0 = Debug|Any CPU
		{016A1BEC-BF9B-4EB9-8080-20899974AECB}.Debug|ARM64.ActiveCfg = Debug|Any CPU
		{016A1BEC-BF9B-4EB9-8080-20899974AECB}.Debug|ARM64.Build.0 = Debug|Any CPU
		{016A1BEC-BF9B-4EB9-8080-20899974AECB}.Debug|x64.ActiveCfg = Debug|Any CPU
		{016A1BEC-BF9B-4EB9-8080-20899974AECB}.Debug|x64.Build.0 = Debug|Any CPU
		{016A1BEC-BF9B-4EB9-8080-20899974AECB}.Debug|x86.ActiveCfg = Debug|Any CPU
		{016A1BEC-BF9B-4EB9-8080-20899974AECB}.Debug|x86.Build.0 = Debug|Any CPU
		{016A1BEC-BF9B-4EB9-8080-20899974AECB}.Release|Any CPU.ActiveCfg = Release|Any CPU
		{016A1BEC-BF9B-4EB9-8080-20899974AECB}.Release|Any CPU.Build.0 = Release|Any CPU
		{016A1BEC-BF9B-4EB9-8080-20899974AECB}.Release|ARM64.ActiveCfg = Release|Any CPU
		{016A1BEC-BF9B-4EB9-8080-20899974AECB}.Release|ARM64.Build.0 = Release|Any CPU
		{016A1BEC-BF9B-4EB9-8080-20899974AECB}.Release|x64.ActiveCfg = Release|Any CPU
		{016A1BEC-BF9B-4EB9-8080-20899974AECB}.Release|x64.Build.0 = Release|Any CPU
		{016A1BEC-BF9B-4EB9-8080-20899974AECB}.Release|x86.ActiveCfg = Release|Any CPU
		{016A1BEC-BF9B-4EB9-8080-20899974AECB}.Release|x86.Build.0 = Release|Any CPU
	EndGlobalSection
	GlobalSection(SolutionProperties) = preSolution
		HideSolutionNode = FALSE
	EndGlobalSection
	GlobalSection(ExtensibilityGlobals) = postSolution
		SolutionGuid = {E8CE7FD4-E8BA-4532-BE24-D851B4A0E8CE}
	EndGlobalSection
EndGlobal
