<?xml version="1.0" encoding="utf-8"?>
<Project ToolsVersion="4.0" xmlns="http://schemas.microsoft.com/developer/msbuild/2003">
  <ItemGroup>
    <ApplicationDefinition Include="App.xaml" />
  </ItemGroup>
  <ItemGroup>
    <Page Include="MainWindow.xaml">
      <Filter>Views\Windows</Filter>
    </Page>
    <Page Include="CpuPage.xaml">
      <Filter>Views\Pages\Hardware</Filter>
    </Page>
    <Page Include="DisplayPage.xaml">
      <Filter>Views\Pages\Hardware</Filter>
    </Page>
    <Page Include="Graph.xaml">
      <Filter>Controls</Filter>
    </Page>
  </ItemGroup>
  <ItemGroup>
    <Midl Include="MainWindow.idl" />
    <Midl Include="Models\ProcessModel.idl">
      <Filter>Models</Filter>
    </Midl>
    <Midl Include="ViewModels\MainViewModel.idl">
      <Filter>ViewModels</Filter>
    </Midl>
    <Midl Include="ViewModels\CpuPageViewModel.idl">
      <Filter>ViewModels</Filter>
    </Midl>
    <Midl Include="Models\CpuModel.idl">
      <Filter>Models</Filter>
    </Midl>
    <Midl Include="Models\DisplayModel.idl">
      <Filter>Models</Filter>
    </Midl>
    <Midl Include="ViewModels\DisplayPageViewModel.idl">
      <Filter>ViewModels</Filter>
    </Midl>
  </ItemGroup>
  <ItemGroup>
    <ClCompile Include="pch.cpp" />
    <ClCompile Include="Helpers\RelayCommand.cpp">
      <Filter>Helpers</Filter>
    </ClCompile>
    <ClCompile Include="Framework\ProcessService.cpp">
      <Filter>Framework\Services\ProcessService</Filter>
    </ClCompile>
    <ClCompile Include="Framework\Utilities.cpp">
      <Filter>Framework\Utilities</Filter>
    </ClCompile>
    <ClCompile Include="Framework\Logger.cpp">
      <Filter>Framework\Utilities\Logger</Filter>
    </ClCompile>
    <ClCompile Include="Framework\CpuService.cpp">
      <Filter>Framework\Services\CpuService</Filter>
    </ClCompile>
    <ClCompile Include="DIConfig.cpp" />
    <ClCompile Include="Helpers\BindableBase.cpp">
      <Filter>Helpers</Filter>
    </ClCompile>
    <ClCompile Include="Framework\DisplayService.cpp">
      <Filter>Framework\Services\DisplayService</Filter>
    </ClCompile>
    <ClCompile Include="Framework\TaskScheduler.cpp">
      <Filter>Framework\TaskScheduler</Filter>
    </ClCompile>
    <ClCompile Include="Wmi\WmiDataContext.cpp" />
    <ClCompile Include="Wmi\WmiMapping.cpp" />
    <ClCompile Include="Wmi\WmiObject.cpp" />
    <ClCompile Include="Wmi\WmiQuerySink.cpp" />
    <ClCompile Include="Win32Helpers\critical_section.cpp" />
  </ItemGroup>
  <ItemGroup>
    <ClInclude Include="pch.h" />
    <ClInclude Include="DIConfig.h" />
    <ClInclude Include="Helpers\RelayCommand.h">
      <Filter>Helpers</Filter>
    </ClInclude>
    <ClInclude Include="Framework\ProcessService.h">
      <Filter>Framework\Services\ProcessService</Filter>
    </ClInclude>
    <ClInclude Include="Framework\IProcessService.h">
      <Filter>Framework\Services\ProcessService</Filter>
    </ClInclude>
    <ClInclude Include="Framework\Utilities.h">
      <Filter>Framework\Utilities</Filter>
    </ClInclude>
    <ClInclude Include="Framework\ILogger.h">
      <Filter>Framework\Utilities\Logger</Filter>
    </ClInclude>
    <ClInclude Include="Framework\Logger.h">
      <Filter>Framework\Utilities\Logger</Filter>
    </ClInclude>
    <ClInclude Include="Framework\CpuService.h">
      <Filter>Framework\Services\CpuService</Filter>
    </ClInclude>
    <ClInclude Include="Framework\ICpuService.h">
      <Filter>Framework\Services\CpuService</Filter>
    </ClInclude>
    <ClInclude Include="Helpers\BindableBase.h">
      <Filter>Helpers</Filter>
    </ClInclude>
    <ClInclude Include="Framework\DisplayService.h">
      <Filter>Framework\Services\DisplayService</Filter>
    </ClInclude>
    <ClInclude Include="Framework\IDisplayService.h">
      <Filter>Framework\Services\DisplayService</Filter>
    </ClInclude>
    <ClInclude Include="Framework\TaskScheduler.h">
      <Filter>Framework\TaskScheduler</Filter>
    </ClInclude>
    <ClInclude Include="Wmi\IWmiDataContext.h" />
    <ClInclude Include="Wmi\WmiMapping.h" />
    <ClInclude Include="Wmi\WmiDataContext.h" />
    <ClInclude Include="Wmi\WmiObject.h" />
    <ClInclude Include="Wmi\WmiQuerySink.h" />
    <ClInclude Include="Win32Helpers\critical_section.h" />
    <ClInclude Include="Wmi\IWmiObject.h" />
  </ItemGroup>
  <ItemGroup>
    <Image Include="Assets\Wide310x150Logo.scale-200.png">
      <Filter>Assets</Filter>
    </Image>
    <Image Include="Assets\StoreLogo.png">
      <Filter>Assets</Filter>
    </Image>
    <Image Include="Assets\Square150x150Logo.scale-200.png">
      <Filter>Assets</Filter>
    </Image>
    <Image Include="Assets\Square44x44Logo.targetsize-24_altform-unplated.png">
      <Filter>Assets</Filter>
    </Image>
    <Image Include="Assets\Square44x44Logo.scale-200.png">
      <Filter>Assets</Filter>
    </Image>
    <Image Include="Assets\SplashScreen.scale-200.png">
      <Filter>Assets</Filter>
    </Image>
    <Image Include="Assets\LockScreenLogo.scale-200.png">
      <Filter>Assets</Filter>
    </Image>
  </ItemGroup>
  <ItemGroup>
    <Filter Include="Assets">
      <UniqueIdentifier>{04e79f7d-c2d5-4655-bda3-2a2175d0edc0}</UniqueIdentifier>
    </Filter>
    <Filter Include="Views">
      <UniqueIdentifier>{e4488072-0f0d-4563-8b1c-1710f1d8daa0}</UniqueIdentifier>
    </Filter>
    <Filter Include="ViewModels">
      <UniqueIdentifier>{6bc4dda4-b29f-4c6c-b76c-4838b52e08ab}</UniqueIdentifier>
    </Filter>
    <Filter Include="Models">
      <UniqueIdentifier>{b36f7b44-0fea-4daf-a3df-58ecf3039d9b}</UniqueIdentifier>
    </Filter>
    <Filter Include="Framework">
      <UniqueIdentifier>{0825623c-528b-4c1a-a494-2a38bbb17ad1}</UniqueIdentifier>
    </Filter>
    <Filter Include="Helpers">
      <UniqueIdentifier>{9fc55544-d5f4-4a5c-bcf3-6bd70f590a5c}</UniqueIdentifier>
    </Filter>
    <Filter Include="Views\Pages">
      <UniqueIdentifier>{3121cbd4-b19f-4cbf-90f1-ee92db78454b}</UniqueIdentifier>
    </Filter>
    <Filter Include="Views\Windows">
      <UniqueIdentifier>{bd759ee0-19b7-4539-9843-0fa102678e2b}</UniqueIdentifier>
    </Filter>
    <Filter Include="Views\Pages\Hardware">
      <UniqueIdentifier>{b7c5e2a1-7d78-4236-ad05-a11789ada28e}</UniqueIdentifier>
    </Filter>
    <Filter Include="Views\Pages\Software">
      <UniqueIdentifier>{6df02bf7-cf06-4d4e-9255-0a33833ef691}</UniqueIdentifier>
    </Filter>
    <Filter Include="Framework\Services">
      <UniqueIdentifier>{1cbb02ab-4386-48c7-9877-afee187fb84f}</UniqueIdentifier>
    </Filter>
    <Filter Include="Framework\Services\ProcessService">
      <UniqueIdentifier>{0856d59a-5076-49c1-a147-47b69dc9ed14}</UniqueIdentifier>
    </Filter>
    <Filter Include="Framework\Data">
      <UniqueIdentifier>{188bbfc5-7c34-4a68-b0b3-635011ea1f55}</UniqueIdentifier>
    </Filter>
    <Filter Include="Framework\Utilities">
      <UniqueIdentifier>{97faa9e9-653e-4b0d-a811-8e4696db2ba7}</UniqueIdentifier>
    </Filter>
    <Filter Include="Framework\Utilities\Logger">
      <UniqueIdentifier>{c4175e8e-774b-4176-890c-a1e8f3c4083a}</UniqueIdentifier>
    </Filter>
    <Filter Include="Framework\Services\CpuService">
      <UniqueIdentifier>{c6c4072c-2ab5-453a-9b79-fa86ccf1874f}</UniqueIdentifier>
    </Filter>
    <Filter Include="Framework\Services\ServiceLocator">
      <UniqueIdentifier>{0070b55d-03f6-4c7a-bfc6-dba8965e4229}</UniqueIdentifier>
    </Filter>
    <Filter Include="Controls">
      <UniqueIdentifier>{42d4131e-8d94-4227-91c3-4be82014fbfa}</UniqueIdentifier>
    </Filter>
    <Filter Include="Framework\Services\DisplayService">
      <UniqueIdentifier>{37c7da4b-8534-4d8b-bb12-3dfbd52eff43}</UniqueIdentifier>
    </Filter>
    <Filter Include="Framework\TaskScheduler">
      <UniqueIdentifier>{14e60b07-dbce-44e1-81fa-d0db98c0cf46}</UniqueIdentifier>
    </Filter>
  </ItemGroup>
  <ItemGroup>
    <Text Include="readme.txt" />
  </ItemGroup>
  <ItemGroup>
    <Manifest Include="app.manifest" />
  </ItemGroup>
  <ItemGroup>
    <AppxManifest Include="Package.appxmanifest" />
  </ItemGroup>
  <ItemGroup>
    <None Include="packages.config" />
  </ItemGroup>
  <ItemGroup>
    <Natvis Include="$(MSBuildThisFileDirectory)..\..\natvis\wil.natvis" />
    <Natvis Include="$(MSBuildThisFileDirectory)..\..\natvis\wil.natstepfilter" />
  </ItemGroup>
</Project>