<?xml version="1.0" encoding="utf-8"?>
<Project ToolsVersion="4.0" xmlns="http://schemas.microsoft.com/developer/msbuild/2003">
  <ItemGroup>
    <ApplicationDefinition Include="App.xaml" />
  </ItemGroup>
  <ItemGroup>
    <Page Include="MainWindow.xaml" />
  </ItemGroup>
  <ItemGroup>
    <Midl Include="MainWindow.idl" />
    <Midl Include="Models\ProcessModel.idl" />
    <Midl Include="ViewModels\MainViewModel.idl" />
  </ItemGroup>
  <ItemGroup>
    <ClCompile Include="pch.cpp" />
    <ClCompile Include="WMIDataContext.cpp" />
    <ClCompile Include="Framework\ProcessService.cpp" />
    <ClCompile Include="Framework\BindableBase.cpp" />
    <ClCompile Include="Framework\Logger.cpp" />
    <ClCompile Include="Framework\RelayCommand.cpp" />
    <ClCompile Include="Framework\Utilities.cpp" />
  </ItemGroup>
  <ItemGroup>
    <ClInclude Include="pch.h" />
    <ClInclude Include="WMIDataContext.h" />
    <ClInclude Include="Framework\Utilities.h" />
    <ClInclude Include="Framework\ProcessService.h" />
    <ClInclude Include="Framework\BindableBase.h" />
    <ClInclude Include="Framework\ILogger.h" />
    <ClInclude Include="Framework\Logger.h" />
    <ClInclude Include="Framework\RelayCommand.h" />
    <ClInclude Include="Framework\IProcessService.h" />
    <ClInclude Include="DIConfig.h" />
  </ItemGroup>
  <ItemGroup>
    <Image Include="Assets\Wide310x150Logo.scale-200.png">
      <Filter>Assets</Filter>
    </Image>
    <Image Include="Assets\StoreLogo.png">
      <Filter>Assets</Filter>
    </Image>
    <Image Include="Assets\Square150x150Logo.scale-200.png">
      <Filter>Assets</Filter>
    </Image>
    <Image Include="Assets\Square44x44Logo.targetsize-24_altform-unplated.png">
      <Filter>Assets</Filter>
    </Image>
    <Image Include="Assets\Square44x44Logo.scale-200.png">
      <Filter>Assets</Filter>
    </Image>
    <Image Include="Assets\SplashScreen.scale-200.png">
      <Filter>Assets</Filter>
    </Image>
    <Image Include="Assets\LockScreenLogo.scale-200.png">
      <Filter>Assets</Filter>
    </Image>
  </ItemGroup>
  <ItemGroup>
    <Filter Include="Assets">
      <UniqueIdentifier>{04e79f7d-c2d5-4655-bda3-2a2175d0edc0}</UniqueIdentifier>
    </Filter>
  </ItemGroup>
  <ItemGroup>
    <Text Include="readme.txt" />
  </ItemGroup>
  <ItemGroup>
    <Manifest Include="app.manifest" />
  </ItemGroup>
  <ItemGroup>
    <AppxManifest Include="Package.appxmanifest" />
  </ItemGroup>
  <ItemGroup>
    <None Include="packages.config" />
  </ItemGroup>
  <ItemGroup>
    <Natvis Include="$(MSBuildThisFileDirectory)..\..\natvis\wil.natvis" />
    <Natvis Include="$(MSBuildThisFileDirectory)..\..\natvis\wil.natstepfilter" />
  </ItemGroup>
</Project>